
Microsoft Visual Studio Solution File, Format Version 12.00
# Visual Studio Version 16
VisualStudioVersion = 16.0.810.22
MinimumVisualStudioVersion = 10.0.40219.1
Project("{FAE04EC0-301F-11D3-BF4B-00C04F79EFBC}") = "MathGame", "MathGaem\MathGame.csproj", "{AD157E5D-5A1E-4DC8-AC3D-9EE65799D4ED}"
EndProject
Global
	GlobalSection(SolutionConfigurationPlatforms) = preSolution
		Debug|Any CPU = Debug|Any CPU
		Release|Any CPU = Release|Any CPU
	EndGlobalSection
	GlobalSection(ProjectConfigurationPlatforms) = postSolution
		{AD157E5D-5A1E-4DC8-AC3D-9EE65799D4ED}.Debug|Any CPU.ActiveCfg = Debug|Any CPU
		{AD157E5D-5A1E-4DC8-AC3D-9EE65799D4ED}.Debug|Any CPU.Build.0 = Debug|Any CPU
		{AD157E5D-5A1E-4DC8-AC3D-9EE65799D4ED}.Release|Any CPU.ActiveCfg = Release|Any CPU
		{AD157E5D-5A1E-4DC8-AC3D-9EE65799D4ED}.Release|Any CPU.Build.0 = Release|Any CPU
	EndGlobalSection
	GlobalSection(SolutionProperties) = preSolution
		HideSolutionNode = FALSE
	EndGlobalSection
	GlobalSection(ExtensibilityGlobals) = postSolution
		SolutionGuid = {C97733CB-614A-48C9-8878-B3B0D28D4BBB}
	EndGlobalSection
EndGlobal
